
Microsoft Visual Studio Solution File, Format Version 12.00
# Visual Studio Version 16
VisualStudioVersion = 16.0.31424.327
MinimumVisualStudioVersion = 10.0.40219.1
Project("{9A19103F-16F7-4668-BE54-9A1E7A4F7556}") = "GroundControl.Interview.SeniorDeveloper.Api", "GroundControl.Interview.SeniorDeveloper.Api\GroundControl.Interview.SeniorDeveloper.Api.csproj", "{8E001ABD-41E4-43FC-99C0-8817F23C7789}"
EndProject
Project("{9A19103F-16F7-4668-BE54-9A1E7A4F7556}") = "GroundControl.Interview.SeniorDeveloper.Model", "GroundControl.Interview.SeniorDeveloper.Model\GroundControl.Interview.SeniorDeveloper.Model.csproj", "{B9EE68BA-0FA7-48DC-8B13-A0A9451C4C23}"
EndProject
Project("{2150E333-8FDC-42A3-9474-1A3956D46DE8}") = "tests", "tests", "{157E6429-202E-4E13-A861-1E2B99726C7D}"
EndProject
Project("{FAE04EC0-301F-11D3-BF4B-00C04F79EFBC}") = "GroundControl.Interview.SeniorDeveloper.UnitTests", "GroundControl.Interview.SeniorDeveloper.UnitTests\GroundControl.Interview.SeniorDeveloper.UnitTests.csproj", "{B6E7026E-B4BE-4202-9609-F787D4BE3DDF}"
EndProject
Project("{FAE04EC0-301F-11D3-BF4B-00C04F79EFBC}") = "GroundControl.Interview.SeniorDeveloper.AngularSPA", "GroundControl.Interview.SeniorDeveloper.AngularSPA\GroundControl.Interview.SeniorDeveloper.AngularSPA.csproj", "{5529025A-7F51-443A-9E06-8BBEE76E904C}"
EndProject
Global
	GlobalSection(SolutionConfigurationPlatforms) = preSolution
		Debug|Any CPU = Debug|Any CPU
		Release|Any CPU = Release|Any CPU
	EndGlobalSection
	GlobalSection(ProjectConfigurationPlatforms) = postSolution
		{8E001ABD-41E4-43FC-99C0-8817F23C7789}.Debug|Any CPU.ActiveCfg = Debug|Any CPU
		{8E001ABD-41E4-43FC-99C0-8817F23C7789}.Debug|Any CPU.Build.0 = Debug|Any CPU
		{8E001ABD-41E4-43FC-99C0-8817F23C7789}.Release|Any CPU.ActiveCfg = Release|Any CPU
		{8E001ABD-41E4-43FC-99C0-8817F23C7789}.Release|Any CPU.Build.0 = Release|Any CPU
		{B9EE68BA-0FA7-48DC-8B13-A0A9451C4C23}.Debug|Any CPU.ActiveCfg = Debug|Any CPU
		{B9EE68BA-0FA7-48DC-8B13-A0A9451C4C23}.Debug|Any CPU.Build.0 = Debug|Any CPU
		{B9EE68BA-0FA7-48DC-8B13-A0A9451C4C23}.Release|Any CPU.ActiveCfg = Release|Any CPU
		{B9EE68BA-0FA7-48DC-8B13-A0A9451C4C23}.Release|Any CPU.Build.0 = Release|Any CPU
		{B6E7026E-B4BE-4202-9609-F787D4BE3DDF}.Debug|Any CPU.ActiveCfg = Debug|Any CPU
		{B6E7026E-B4BE-4202-9609-F787D4BE3DDF}.Debug|Any CPU.Build.0 = Debug|Any CPU
		{B6E7026E-B4BE-4202-9609-F787D4BE3DDF}.Release|Any CPU.ActiveCfg = Release|Any CPU
		{B6E7026E-B4BE-4202-9609-F787D4BE3DDF}.Release|Any CPU.Build.0 = Release|Any CPU
		{5529025A-7F51-443A-9E06-8BBEE76E904C}.Debug|Any CPU.ActiveCfg = Debug|Any CPU
		{5529025A-7F51-443A-9E06-8BBEE76E904C}.Debug|Any CPU.Build.0 = Debug|Any CPU
		{5529025A-7F51-443A-9E06-8BBEE76E904C}.Release|Any CPU.ActiveCfg = Release|Any CPU
		{5529025A-7F51-443A-9E06-8BBEE76E904C}.Release|Any CPU.Build.0 = Release|Any CPU
	EndGlobalSection
	GlobalSection(SolutionProperties) = preSolution
		HideSolutionNode = FALSE
	EndGlobalSection
	GlobalSection(NestedProjects) = preSolution
		{B6E7026E-B4BE-4202-9609-F787D4BE3DDF} = {157E6429-202E-4E13-A861-1E2B99726C7D}
	EndGlobalSection
	GlobalSection(ExtensibilityGlobals) = postSolution
		SolutionGuid = {90B771C8-8810-4750-AD94-6A8E50864659}
	EndGlobalSection
EndGlobal
